
Microsoft Visual Studio Solution File, Format Version 12.00
# Visual Studio Version 17
VisualStudioVersion = 17.14.36414.22
MinimumVisualStudioVersion = 10.0.40219.1
Project("{FAE04EC0-301F-11D3-BF4B-00C04F79EFBC}") = "01LTM_ClassAndInstance", "LTM_ClassAndInstance\01LTM_ClassAndInstance.csproj", "{7CEC02AE-F6B9-462E-BF44-3D6475A69C6B}"
EndProject
Project("{FAE04EC0-301F-11D3-BF4B-00C04F79EFBC}") = "Convert", "Convert\Convert.csproj", "{2BA80BB1-BBC1-41E8-865E-38354B4F50A2}"
EndProject
Project("{FAE04EC0-301F-11D3-BF4B-00C04F79EFBC}") = "02LTM_Delegate", "LTM_Delegate\02LTM_Delegate.csproj", "{15C875EC-2D44-47C3-A76A-36121D174A18}"
EndProject
Project("{FAE04EC0-301F-11D3-BF4B-00C04F79EFBC}") = "MyClassLib", "MyClassLib\MyClassLib.csproj", "{ABA2F5AC-EDD3-4DAB-A60E-16D4947A641A}"
EndProject
Project("{FAE04EC0-301F-11D3-BF4B-00C04F79EFBC}") = "03LTM_Event", "LTM_Event\03LTM_Event.csproj", "{4FD33D52-BEA5-4BC0-BD6C-2CBFB9E43679}"
EndProject
Project("{FAE04EC0-301F-11D3-BF4B-00C04F79EFBC}") = "04LTM_Interface_SOLID", "LTM_Interface_SOLID\04LTM_Interface_SOLID.csproj", "{D244720F-424D-4C9F-89F7-19E97578B4A5}"
EndProject
Project("{FAE04EC0-301F-11D3-BF4B-00C04F79EFBC}") = "05LTM_Reflect", "LTM_Reflect\05LTM_Reflect.csproj", "{0D5AC85B-04EE-4ABA-B843-34CEC1F61C96}"
EndProject
Project("{FAE04EC0-301F-11D3-BF4B-00C04F79EFBC}") = "Animals.Lib", "Animals.Lib\Animals.Lib.csproj", "{E603004A-A9F2-4EEF-929E-BD517ABAB9D3}"
EndProject
Project("{FAE04EC0-301F-11D3-BF4B-00C04F79EFBC}") = "Animals.SDK", "Animals.SDK\Animals.SDK.csproj", "{D0FF6253-99D2-41D8-97FE-C47970AC9E22}"
EndProject
Project("{FAE04EC0-301F-11D3-BF4B-00C04F79EFBC}") = "06LTM_DataStruct", "06LTM_DataStruct\06LTM_DataStruct.csproj", "{962EA737-4E8B-4846-966C-82D9FEBF132F}"
EndProject
Project("{FAE04EC0-301F-11D3-BF4B-00C04F79EFBC}") = "ZD_CS_oop_base01", "CSharpe_oop_base01\ZD_CS_oop_base01.csproj", "{74B0A605-ACA0-40C6-AC69-24F0E1C8840F}"
EndProject
Project("{FAE04EC0-301F-11D3-BF4B-00C04F79EFBC}") = "WPF_Story_01_UIDesign", "WPF_Story_01_UIDesign\WPF_Story_01_UIDesign.csproj", "{A791C8F1-5A2E-4B1A-BFCB-0E3C06FCE085}"
EndProject
Project("{FAE04EC0-301F-11D3-BF4B-00C04F79EFBC}") = "WPF_Story_02_Style_ControlTemplate", "WPF_Story_02_Style_ControlTemplate\WPF_Story_02_Style_ControlTemplate.csproj", "{BD29D6EF-68FD-40C7-B0DB-E0881D20EF50}"
EndProject
Project("{FAE04EC0-301F-11D3-BF4B-00C04F79EFBC}") = "WPF_Story_03_DataBinding", "WPF_Story_03_DataBinding\WPF_Story_03_DataBinding.csproj", "{C07A7C40-3187-4B52-86D5-B333819B56BB}"
EndProject
Project("{FAE04EC0-301F-11D3-BF4B-00C04F79EFBC}") = "WPF_Story_04_DependencyProperty", "WPF_Story_04_DependencyProperty\WPF_Story_04_DependencyProperty.csproj", "{FF124B24-D246-4701-B0AA-2F6DEEC4A271}"
EndProject
Project("{FAE04EC0-301F-11D3-BF4B-00C04F79EFBC}") = "WPF_Story_05_RoutingEventsAndCommand", "WPF_Story_05_RoutingEventsAndCommand\WPF_Story_05_RoutingEventsAndCommand.csproj", "{00C52256-C628-4C13-BCE1-BD840D796FB8}"
EndProject
Global
	GlobalSection(SolutionConfigurationPlatforms) = preSolution
		Debug|Any CPU = Debug|Any CPU
		Debug|x64 = Debug|x64
		Release|Any CPU = Release|Any CPU
		Release|x64 = Release|x64
	EndGlobalSection
	GlobalSection(ProjectConfigurationPlatforms) = postSolution
		{7CEC02AE-F6B9-462E-BF44-3D6475A69C6B}.Debug|Any CPU.ActiveCfg = Debug|Any CPU
		{7CEC02AE-F6B9-462E-BF44-3D6475A69C6B}.Debug|Any CPU.Build.0 = Debug|Any CPU
		{7CEC02AE-F6B9-462E-BF44-3D6475A69C6B}.Debug|x64.ActiveCfg = Debug|x64
		{7CEC02AE-F6B9-462E-BF44-3D6475A69C6B}.Debug|x64.Build.0 = Debug|x64
		{7CEC02AE-F6B9-462E-BF44-3D6475A69C6B}.Release|Any CPU.ActiveCfg = Release|Any CPU
		{7CEC02AE-F6B9-462E-BF44-3D6475A69C6B}.Release|Any CPU.Build.0 = Release|Any CPU
		{7CEC02AE-F6B9-462E-BF44-3D6475A69C6B}.Release|x64.ActiveCfg = Release|x64
		{7CEC02AE-F6B9-462E-BF44-3D6475A69C6B}.Release|x64.Build.0 = Release|x64
		{2BA80BB1-BBC1-41E8-865E-38354B4F50A2}.Debug|Any CPU.ActiveCfg = Debug|Any CPU
		{2BA80BB1-BBC1-41E8-865E-38354B4F50A2}.Debug|Any CPU.Build.0 = Debug|Any CPU
		{2BA80BB1-BBC1-41E8-865E-38354B4F50A2}.Debug|x64.ActiveCfg = Debug|Any CPU
		{2BA80BB1-BBC1-41E8-865E-38354B4F50A2}.Debug|x64.Build.0 = Debug|Any CPU
		{2BA80BB1-BBC1-41E8-865E-38354B4F50A2}.Release|Any CPU.ActiveCfg = Release|Any CPU
		{2BA80BB1-BBC1-41E8-865E-38354B4F50A2}.Release|Any CPU.Build.0 = Release|Any CPU
		{2BA80BB1-BBC1-41E8-865E-38354B4F50A2}.Release|x64.ActiveCfg = Release|Any CPU
		{2BA80BB1-BBC1-41E8-865E-38354B4F50A2}.Release|x64.Build.0 = Release|Any CPU
		{15C875EC-2D44-47C3-A76A-36121D174A18}.Debug|Any CPU.ActiveCfg = Debug|Any CPU
		{15C875EC-2D44-47C3-A76A-36121D174A18}.Debug|Any CPU.Build.0 = Debug|Any CPU
		{15C875EC-2D44-47C3-A76A-36121D174A18}.Debug|x64.ActiveCfg = Debug|Any CPU
		{15C875EC-2D44-47C3-A76A-36121D174A18}.Debug|x64.Build.0 = Debug|Any CPU
		{15C875EC-2D44-47C3-A76A-36121D174A18}.Release|Any CPU.ActiveCfg = Release|Any CPU
		{15C875EC-2D44-47C3-A76A-36121D174A18}.Release|Any CPU.Build.0 = Release|Any CPU
		{15C875EC-2D44-47C3-A76A-36121D174A18}.Release|x64.ActiveCfg = Release|Any CPU
		{15C875EC-2D44-47C3-A76A-36121D174A18}.Release|x64.Build.0 = Release|Any CPU
		{ABA2F5AC-EDD3-4DAB-A60E-16D4947A641A}.Debug|Any CPU.ActiveCfg = Debug|Any CPU
		{ABA2F5AC-EDD3-4DAB-A60E-16D4947A641A}.Debug|Any CPU.Build.0 = Debug|Any CPU
		{ABA2F5AC-EDD3-4DAB-A60E-16D4947A641A}.Debug|x64.ActiveCfg = Debug|Any CPU
		{ABA2F5AC-EDD3-4DAB-A60E-16D4947A641A}.Debug|x64.Build.0 = Debug|Any CPU
		{ABA2F5AC-EDD3-4DAB-A60E-16D4947A641A}.Release|Any CPU.ActiveCfg = Release|Any CPU
		{ABA2F5AC-EDD3-4DAB-A60E-16D4947A641A}.Release|Any CPU.Build.0 = Release|Any CPU
		{ABA2F5AC-EDD3-4DAB-A60E-16D4947A641A}.Release|x64.ActiveCfg = Release|Any CPU
		{ABA2F5AC-EDD3-4DAB-A60E-16D4947A641A}.Release|x64.Build.0 = Release|Any CPU
		{4FD33D52-BEA5-4BC0-BD6C-2CBFB9E43679}.Debug|Any CPU.ActiveCfg = Debug|Any CPU
		{4FD33D52-BEA5-4BC0-BD6C-2CBFB9E43679}.Debug|Any CPU.Build.0 = Debug|Any CPU
		{4FD33D52-BEA5-4BC0-BD6C-2CBFB9E43679}.Debug|x64.ActiveCfg = Debug|Any CPU
		{4FD33D52-BEA5-4BC0-BD6C-2CBFB9E43679}.Debug|x64.Build.0 = Debug|Any CPU
		{4FD33D52-BEA5-4BC0-BD6C-2CBFB9E43679}.Release|Any CPU.ActiveCfg = Release|Any CPU
		{4FD33D52-BEA5-4BC0-BD6C-2CBFB9E43679}.Release|Any CPU.Build.0 = Release|Any CPU
		{4FD33D52-BEA5-4BC0-BD6C-2CBFB9E43679}.Release|x64.ActiveCfg = Release|Any CPU
		{4FD33D52-BEA5-4BC0-BD6C-2CBFB9E43679}.Release|x64.Build.0 = Release|Any CPU
		{D244720F-424D-4C9F-89F7-19E97578B4A5}.Debug|Any CPU.ActiveCfg = Debug|Any CPU
		{D244720F-424D-4C9F-89F7-19E97578B4A5}.Debug|Any CPU.Build.0 = Debug|Any CPU
		{D244720F-424D-4C9F-89F7-19E97578B4A5}.Debug|x64.ActiveCfg = Debug|Any CPU
		{D244720F-424D-4C9F-89F7-19E97578B4A5}.Debug|x64.Build.0 = Debug|Any CPU
		{D244720F-424D-4C9F-89F7-19E97578B4A5}.Release|Any CPU.ActiveCfg = Release|Any CPU
		{D244720F-424D-4C9F-89F7-19E97578B4A5}.Release|Any CPU.Build.0 = Release|Any CPU
		{D244720F-424D-4C9F-89F7-19E97578B4A5}.Release|x64.ActiveCfg = Release|Any CPU
		{D244720F-424D-4C9F-89F7-19E97578B4A5}.Release|x64.Build.0 = Release|Any CPU
		{0D5AC85B-04EE-4ABA-B843-34CEC1F61C96}.Debug|Any CPU.ActiveCfg = Debug|Any CPU
		{0D5AC85B-04EE-4ABA-B843-34CEC1F61C96}.Debug|Any CPU.Build.0 = Debug|Any CPU
		{0D5AC85B-04EE-4ABA-B843-34CEC1F61C96}.Debug|x64.ActiveCfg = Debug|Any CPU
		{0D5AC85B-04EE-4ABA-B843-34CEC1F61C96}.Debug|x64.Build.0 = Debug|Any CPU
		{0D5AC85B-04EE-4ABA-B843-34CEC1F61C96}.Release|Any CPU.ActiveCfg = Release|Any CPU
		{0D5AC85B-04EE-4ABA-B843-34CEC1F61C96}.Release|Any CPU.Build.0 = Release|Any CPU
		{0D5AC85B-04EE-4ABA-B843-34CEC1F61C96}.Release|x64.ActiveCfg = Release|Any CPU
		{0D5AC85B-04EE-4ABA-B843-34CEC1F61C96}.Release|x64.Build.0 = Release|Any CPU
		{E603004A-A9F2-4EEF-929E-BD517ABAB9D3}.Debug|Any CPU.ActiveCfg = Debug|Any CPU
		{E603004A-A9F2-4EEF-929E-BD517ABAB9D3}.Debug|Any CPU.Build.0 = Debug|Any CPU
		{E603004A-A9F2-4EEF-929E-BD517ABAB9D3}.Debug|x64.ActiveCfg = Debug|Any CPU
		{E603004A-A9F2-4EEF-929E-BD517ABAB9D3}.Debug|x64.Build.0 = Debug|Any CPU
		{E603004A-A9F2-4EEF-929E-BD517ABAB9D3}.Release|Any CPU.ActiveCfg = Release|Any CPU
		{E603004A-A9F2-4EEF-929E-BD517ABAB9D3}.Release|Any CPU.Build.0 = Release|Any CPU
		{E603004A-A9F2-4EEF-929E-BD517ABAB9D3}.Release|x64.ActiveCfg = Release|Any CPU
		{E603004A-A9F2-4EEF-929E-BD517ABAB9D3}.Release|x64.Build.0 = Release|Any CPU
		{D0FF6253-99D2-41D8-97FE-C47970AC9E22}.Debug|Any CPU.ActiveCfg = Debug|Any CPU
		{D0FF6253-99D2-41D8-97FE-C47970AC9E22}.Debug|Any CPU.Build.0 = Debug|Any CPU
		{D0FF6253-99D2-41D8-97FE-C47970AC9E22}.Debug|x64.ActiveCfg = Debug|Any CPU
		{D0FF6253-99D2-41D8-97FE-C47970AC9E22}.Debug|x64.Build.0 = Debug|Any CPU
		{D0FF6253-99D2-41D8-97FE-C47970AC9E22}.Release|Any CPU.ActiveCfg = Release|Any CPU
		{D0FF6253-99D2-41D8-97FE-C47970AC9E22}.Release|Any CPU.Build.0 = Release|Any CPU
		{D0FF6253-99D2-41D8-97FE-C47970AC9E22}.Release|x64.ActiveCfg = Release|Any CPU
		{D0FF6253-99D2-41D8-97FE-C47970AC9E22}.Release|x64.Build.0 = Release|Any CPU
		{962EA737-4E8B-4846-966C-82D9FEBF132F}.Debug|Any CPU.ActiveCfg = Debug|Any CPU
		{962EA737-4E8B-4846-966C-82D9FEBF132F}.Debug|Any CPU.Build.0 = Debug|Any CPU
		{962EA737-4E8B-4846-966C-82D9FEBF132F}.Debug|x64.ActiveCfg = Debug|Any CPU
		{962EA737-4E8B-4846-966C-82D9FEBF132F}.Debug|x64.Build.0 = Debug|Any CPU
		{962EA737-4E8B-4846-966C-82D9FEBF132F}.Release|Any CPU.ActiveCfg = Release|Any CPU
		{962EA737-4E8B-4846-966C-82D9FEBF132F}.Release|Any CPU.Build.0 = Release|Any CPU
		{962EA737-4E8B-4846-966C-82D9FEBF132F}.Release|x64.ActiveCfg = Release|Any CPU
		{962EA737-4E8B-4846-966C-82D9FEBF132F}.Release|x64.Build.0 = Release|Any CPU
		{74B0A605-ACA0-40C6-AC69-24F0E1C8840F}.Debug|Any CPU.ActiveCfg = Debug|Any CPU
		{74B0A605-ACA0-40C6-AC69-24F0E1C8840F}.Debug|Any CPU.Build.0 = Debug|Any CPU
		{74B0A605-ACA0-40C6-AC69-24F0E1C8840F}.Debug|x64.ActiveCfg = Debug|Any CPU
		{74B0A605-ACA0-40C6-AC69-24F0E1C8840F}.Debug|x64.Build.0 = Debug|Any CPU
		{74B0A605-ACA0-40C6-AC69-24F0E1C8840F}.Release|Any CPU.ActiveCfg = Release|Any CPU
		{74B0A605-ACA0-40C6-AC69-24F0E1C8840F}.Release|Any CPU.Build.0 = Release|Any CPU
		{74B0A605-ACA0-40C6-AC69-24F0E1C8840F}.Release|x64.ActiveCfg = Release|Any CPU
		{74B0A605-ACA0-40C6-AC69-24F0E1C8840F}.Release|x64.Build.0 = Release|Any CPU
		{A791C8F1-5A2E-4B1A-BFCB-0E3C06FCE085}.Debug|Any CPU.ActiveCfg = Debug|Any CPU
		{A791C8F1-5A2E-4B1A-BFCB-0E3C06FCE085}.Debug|Any CPU.Build.0 = Debug|Any CPU
		{A791C8F1-5A2E-4B1A-BFCB-0E3C06FCE085}.Debug|x64.ActiveCfg = Debug|Any CPU
		{A791C8F1-5A2E-4B1A-BFCB-0E3C06FCE085}.Debug|x64.Build.0 = Debug|Any CPU
		{A791C8F1-5A2E-4B1A-BFCB-0E3C06FCE085}.Release|Any CPU.ActiveCfg = Release|Any CPU
		{A791C8F1-5A2E-4B1A-BFCB-0E3C06FCE085}.Release|Any CPU.Build.0 = Release|Any CPU
		{A791C8F1-5A2E-4B1A-BFCB-0E3C06FCE085}.Release|x64.ActiveCfg = Release|Any CPU
		{A791C8F1-5A2E-4B1A-BFCB-0E3C06FCE085}.Release|x64.Build.0 = Release|Any CPU
		{BD29D6EF-68FD-40C7-B0DB-E0881D20EF50}.Debug|Any CPU.ActiveCfg = Debug|Any CPU
		{BD29D6EF-68FD-40C7-B0DB-E0881D20EF50}.Debug|Any CPU.Build.0 = Debug|Any CPU
		{BD29D6EF-68FD-40C7-B0DB-E0881D20EF50}.Debug|x64.ActiveCfg = Debug|Any CPU
		{BD29D6EF-68FD-40C7-B0DB-E0881D20EF50}.Debug|x64.Build.0 = Debug|Any CPU
		{BD29D6EF-68FD-40C7-B0DB-E0881D20EF50}.Release|Any CPU.ActiveCfg = Release|Any CPU
		{BD29D6EF-68FD-40C7-B0DB-E0881D20EF50}.Release|Any CPU.Build.0 = Release|Any CPU
		{BD29D6EF-68FD-40C7-B0DB-E0881D20EF50}.Release|x64.ActiveCfg = Release|Any CPU
		{BD29D6EF-68FD-40C7-B0DB-E0881D20EF50}.Release|x64.Build.0 = Release|Any CPU
		{C07A7C40-3187-4B52-86D5-B333819B56BB}.Debug|Any CPU.ActiveCfg = Debug|Any CPU
		{C07A7C40-3187-4B52-86D5-B333819B56BB}.Debug|Any CPU.Build.0 = Debug|Any CPU
		{C07A7C40-3187-4B52-86D5-B333819B56BB}.Debug|x64.ActiveCfg = Debug|Any CPU
		{C07A7C40-3187-4B52-86D5-B333819B56BB}.Debug|x64.Build.0 = Debug|Any CPU
		{C07A7C40-3187-4B52-86D5-B333819B56BB}.Release|Any CPU.ActiveCfg = Release|Any CPU
		{C07A7C40-3187-4B52-86D5-B333819B56BB}.Release|Any CPU.Build.0 = Release|Any CPU
		{C07A7C40-3187-4B52-86D5-B333819B56BB}.Release|x64.ActiveCfg = Release|Any CPU
		{C07A7C40-3187-4B52-86D5-B333819B56BB}.Release|x64.Build.0 = Release|Any CPU
		{FF124B24-D246-4701-B0AA-2F6DEEC4A271}.Debug|Any CPU.ActiveCfg = Debug|Any CPU
		{FF124B24-D246-4701-B0AA-2F6DEEC4A271}.Debug|Any CPU.Build.0 = Debug|Any CPU
		{FF124B24-D246-4701-B0AA-2F6DEEC4A271}.Debug|x64.ActiveCfg = Debug|Any CPU
		{FF124B24-D246-4701-B0AA-2F6DEEC4A271}.Debug|x64.Build.0 = Debug|Any CPU
		{FF124B24-D246-4701-B0AA-2F6DEEC4A271}.Release|Any CPU.ActiveCfg = Release|Any CPU
		{FF124B24-D246-4701-B0AA-2F6DEEC4A271}.Release|Any CPU.Build.0 = Release|Any CPU
		{FF124B24-D246-4701-B0AA-2F6DEEC4A271}.Release|x64.ActiveCfg = Release|Any CPU
		{FF124B24-D246-4701-B0AA-2F6DEEC4A271}.Release|x64.Build.0 = Release|Any CPU
		{00C52256-C628-4C13-BCE1-BD840D796FB8}.Debug|Any CPU.ActiveCfg = Debug|Any CPU
		{00C52256-C628-4C13-BCE1-BD840D796FB8}.Debug|Any CPU.Build.0 = Debug|Any CPU
		{00C52256-C628-4C13-BCE1-BD840D796FB8}.Debug|x64.ActiveCfg = Debug|Any CPU
		{00C52256-C628-4C13-BCE1-BD840D796FB8}.Debug|x64.Build.0 = Debug|Any CPU
		{00C52256-C628-4C13-BCE1-BD840D796FB8}.Release|Any CPU.ActiveCfg = Release|Any CPU
		{00C52256-C628-4C13-BCE1-BD840D796FB8}.Release|Any CPU.Build.0 = Release|Any CPU
		{00C52256-C628-4C13-BCE1-BD840D796FB8}.Release|x64.ActiveCfg = Release|Any CPU
		{00C52256-C628-4C13-BCE1-BD840D796FB8}.Release|x64.Build.0 = Release|Any CPU
	EndGlobalSection
	GlobalSection(SolutionProperties) = preSolution
		HideSolutionNode = FALSE
	EndGlobalSection
	GlobalSection(ExtensibilityGlobals) = postSolution
		SolutionGuid = {5C827031-6E60-4690-B420-AF7B9022F590}
	EndGlobalSection
EndGlobal
